
Microsoft Visual Studio Solution File, Format Version 12.00
# Visual Studio Version 16
VisualStudioVersion = 16.0.30011.22
MinimumVisualStudioVersion = 10.0.40219.1
Project("{FAE04EC0-301F-11D3-BF4B-00C04F79EFBC}") = "Ceng382_Project", "Ceng382_Project\Ceng382_Project.csproj", "{9AA27C93-8F83-45BF-9CB7-0AB1D0E9CB50}"
EndProject
Global
	GlobalSection(SolutionConfigurationPlatforms) = preSolution
		Debug|Any CPU = Debug|Any CPU
		Release|Any CPU = Release|Any CPU
	EndGlobalSection
	GlobalSection(ProjectConfigurationPlatforms) = postSolution
		{9AA27C93-8F83-45BF-9CB7-0AB1D0E9CB50}.Debug|Any CPU.ActiveCfg = Debug|Any CPU
		{9AA27C93-8F83-45BF-9CB7-0AB1D0E9CB50}.Debug|Any CPU.Build.0 = Debug|Any CPU
		{9AA27C93-8F83-45BF-9CB7-0AB1D0E9CB50}.Release|Any CPU.ActiveCfg = Release|Any CPU
		{9AA27C93-8F83-45BF-9CB7-0AB1D0E9CB50}.Release|Any CPU.Build.0 = Release|Any CPU
	EndGlobalSection
	GlobalSection(SolutionProperties) = preSolution
		HideSolutionNode = FALSE
	EndGlobalSection
	GlobalSection(ExtensibilityGlobals) = postSolution
		SolutionGuid = {1F2298A5-A365-4935-B37B-E9CA66D495D7}
	EndGlobalSection
EndGlobal
